version: 2.0
shards:
  baked_file_system:
    git: https://github.com/ralsina/baked_file_system.git
    version: 0.10.0+git.commit.beb373124c7a235cfb9cd94e36849d8168eaa04b

  base58:
    git: https://github.com/crystal-china/base58.cr.git
    version: 0.1.0+git.commit.f7193c497efff614cf87b03f0bd07741915a592f

  crinja:
    git: https://github.com/straight-shoota/crinja.git
    version: 0.8.1

  docopt:
    git: https://github.com/ralsina/docopt.cr.git
    version: 0.3.0

  docopt-config:
    git: https://github.com/ralsina/docopt-config.git
    version: 0.1.0+git.commit.5421c74745d0212c2d2ab28c72a4a73d8c87adee

  enum_state_machine:
    git: https://github.com/nogginly/enum_state_machine.cr.git
    version: 0.3.0+git.commit.df6f6a40de373d42cad1b78501186ebbb95b0e3a

  markd:
    git: https://github.com/icyleaf/markd.git
    version: 0.5.0

  pcf-parser:
    git: https://github.com/l3kn/pcf-parser.git
    version: 0.1.1

  sixteen:
    git: https://github.com/ralsina/sixteen.git
    version: 0.5.2

  stumpy_core:
    git: https://github.com/stumpycr/stumpy_core.git
    version: 1.9.1

  stumpy_png:
    git: https://github.com/stumpycr/stumpy_png.git
    version: 5.0.1

  stumpy_utils:
    git: https://github.com/stumpycr/stumpy_utils.git
    version: 0.5.1

  tartrazine:
    git: https://github.com/ralsina/tartrazine.git
    version: 0.14.0+git.commit.d1476d6283bd441007718f33a905040feca35e25
